
Microsoft Visual Studio Solution File, Format Version 12.00
# Visual Studio 2012
Project("{8BC9CEB8-8B4A-11D0-8D11-00A0C91BC942}") = "FB Managment Sytem", "FB Managment Sytem\FB Managment Sytem.vcxproj", "{97ADE941-15D0-437E-A7D4-E6C016FD3D91}"
EndProject
Global
	GlobalSection(SolutionConfigurationPlatforms) = preSolution
		Debug|Win32 = Debug|Win32
		Release|Win32 = Release|Win32
	EndGlobalSection
	GlobalSection(ProjectConfigurationPlatforms) = postSolution
		{97ADE941-15D0-437E-A7D4-E6C016FD3D91}.Debug|Win32.ActiveCfg = Debug|Win32
		{97ADE941-15D0-437E-A7D4-E6C016FD3D91}.Debug|Win32.Build.0 = Debug|Win32
		{97ADE941-15D0-437E-A7D4-E6C016FD3D91}.Release|Win32.ActiveCfg = Release|Win32
		{97ADE941-15D0-437E-A7D4-E6C016FD3D91}.Release|Win32.Build.0 = Release|Win32
	EndGlobalSection
	GlobalSection(SolutionProperties) = preSolution
		HideSolutionNode = FALSE
	EndGlobalSection
EndGlobal
